
Microsoft Visual Studio Solution File, Format Version 12.00
# Visual Studio Version 16
VisualStudioVersion = 16.0.30114.105
MinimumVisualStudioVersion = 10.0.40219.1
Project("{9A19103F-16F7-4668-BE54-9A1E7A4F7556}") = "6MaxLayerBurgers-BlazorWebAssembly.Server", "Server\6MaxLayerBurgers-BlazorWebAssembly.Server.csproj", "{80452C46-8733-4224-BC43-434E2918D2D4}"
EndProject
Project("{9A19103F-16F7-4668-BE54-9A1E7A4F7556}") = "6MaxLayerBurgers-BlazorWebAssembly.Client", "Client\6MaxLayerBurgers-BlazorWebAssembly.Client.csproj", "{13E118FB-143D-416C-9801-F01E4747E271}"
EndProject
Project("{9A19103F-16F7-4668-BE54-9A1E7A4F7556}") = "6MaxLayerBurgers-BlazorWebAssembly.Shared", "Shared\6MaxLayerBurgers-BlazorWebAssembly.Shared.csproj", "{F005FA41-E04B-4CAA-8488-9A410989B930}"
EndProject
Global
	GlobalSection(SolutionConfigurationPlatforms) = preSolution
		Debug|Any CPU = Debug|Any CPU
		Release|Any CPU = Release|Any CPU
	EndGlobalSection
	GlobalSection(ProjectConfigurationPlatforms) = postSolution
		{80452C46-8733-4224-BC43-434E2918D2D4}.Debug|Any CPU.ActiveCfg = Debug|Any CPU
		{80452C46-8733-4224-BC43-434E2918D2D4}.Debug|Any CPU.Build.0 = Debug|Any CPU
		{80452C46-8733-4224-BC43-434E2918D2D4}.Release|Any CPU.ActiveCfg = Release|Any CPU
		{80452C46-8733-4224-BC43-434E2918D2D4}.Release|Any CPU.Build.0 = Release|Any CPU
		{13E118FB-143D-416C-9801-F01E4747E271}.Debug|Any CPU.ActiveCfg = Debug|Any CPU
		{13E118FB-143D-416C-9801-F01E4747E271}.Debug|Any CPU.Build.0 = Debug|Any CPU
		{13E118FB-143D-416C-9801-F01E4747E271}.Release|Any CPU.ActiveCfg = Release|Any CPU
		{13E118FB-143D-416C-9801-F01E4747E271}.Release|Any CPU.Build.0 = Release|Any CPU
		{F005FA41-E04B-4CAA-8488-9A410989B930}.Debug|Any CPU.ActiveCfg = Debug|Any CPU
		{F005FA41-E04B-4CAA-8488-9A410989B930}.Debug|Any CPU.Build.0 = Debug|Any CPU
		{F005FA41-E04B-4CAA-8488-9A410989B930}.Release|Any CPU.ActiveCfg = Release|Any CPU
		{F005FA41-E04B-4CAA-8488-9A410989B930}.Release|Any CPU.Build.0 = Release|Any CPU
	EndGlobalSection
	GlobalSection(SolutionProperties) = preSolution
		HideSolutionNode = FALSE
	EndGlobalSection
	GlobalSection(ExtensibilityGlobals) = postSolution
		SolutionGuid = {45CC11D8-9A10-400D-A41F-3D40701AFC58}
	EndGlobalSection
EndGlobal
